
Microsoft Visual Studio Solution File, Format Version 12.00
# Visual Studio 15
VisualStudioVersion = 15.0.27703.2042
MinimumVisualStudioVersion = 10.0.40219.1
Project("{FAE04EC0-301F-11D3-BF4B-00C04F79EFBC}") = "SCPSLServerHook", "SCPSLServerHook\SCPSLServerHook.csproj", "{272484C6-D64E-4B91-9D18-C0CF29709C83}"
EndProject
Project("{FAE04EC0-301F-11D3-BF4B-00C04F79EFBC}") = "MultiSCPSLServer", "..\MultiSCPSLServer\MultiSCPSLServer\MultiSCPSLServer.csproj", "{CE1DC67C-A1F5-44FD-A5CB-70AA06BFA3E0}"
EndProject
Global
	GlobalSection(SolutionConfigurationPlatforms) = preSolution
		Debug|Any CPU = Debug|Any CPU
		Debug|x64 = Debug|x64
		Release|Any CPU = Release|Any CPU
		Release|x64 = Release|x64
	EndGlobalSection
	GlobalSection(ProjectConfigurationPlatforms) = postSolution
		{272484C6-D64E-4B91-9D18-C0CF29709C83}.Debug|Any CPU.ActiveCfg = Debug|Any CPU
		{272484C6-D64E-4B91-9D18-C0CF29709C83}.Debug|Any CPU.Build.0 = Debug|Any CPU
		{272484C6-D64E-4B91-9D18-C0CF29709C83}.Debug|x64.ActiveCfg = Debug|x64
		{272484C6-D64E-4B91-9D18-C0CF29709C83}.Debug|x64.Build.0 = Debug|x64
		{272484C6-D64E-4B91-9D18-C0CF29709C83}.Release|Any CPU.ActiveCfg = Release|Any CPU
		{272484C6-D64E-4B91-9D18-C0CF29709C83}.Release|Any CPU.Build.0 = Release|Any CPU
		{272484C6-D64E-4B91-9D18-C0CF29709C83}.Release|x64.ActiveCfg = Release|x64
		{272484C6-D64E-4B91-9D18-C0CF29709C83}.Release|x64.Build.0 = Release|x64
		{CE1DC67C-A1F5-44FD-A5CB-70AA06BFA3E0}.Debug|Any CPU.ActiveCfg = Debug|Any CPU
		{CE1DC67C-A1F5-44FD-A5CB-70AA06BFA3E0}.Debug|Any CPU.Build.0 = Debug|Any CPU
		{CE1DC67C-A1F5-44FD-A5CB-70AA06BFA3E0}.Debug|x64.ActiveCfg = Debug|Any CPU
		{CE1DC67C-A1F5-44FD-A5CB-70AA06BFA3E0}.Debug|x64.Build.0 = Debug|Any CPU
		{CE1DC67C-A1F5-44FD-A5CB-70AA06BFA3E0}.Release|Any CPU.ActiveCfg = Release|Any CPU
		{CE1DC67C-A1F5-44FD-A5CB-70AA06BFA3E0}.Release|Any CPU.Build.0 = Release|Any CPU
		{CE1DC67C-A1F5-44FD-A5CB-70AA06BFA3E0}.Release|x64.ActiveCfg = Release|Any CPU
		{CE1DC67C-A1F5-44FD-A5CB-70AA06BFA3E0}.Release|x64.Build.0 = Release|Any CPU
	EndGlobalSection
	GlobalSection(SolutionProperties) = preSolution
		HideSolutionNode = FALSE
	EndGlobalSection
	GlobalSection(ExtensibilityGlobals) = postSolution
		SolutionGuid = {72C0B86C-E506-4FDE-9429-FA248EC83FC9}
	EndGlobalSection
EndGlobal
